# This file is autogenerated, do not edit; changes may be undone by the next 'dep ensure'.


[[projects]]
  branch = "master"
  name = "github.com/go-audio/audio"
  packages = ["."]
  revision = "7baf9c12ef58aa25fcbbd2265f8f38a12eca3204"

[[projects]]
  branch = "master"
  name = "github.com/go-audio/generator"
  packages = ["."]
  revision = "7512a044ec98b952f298965fb6132f8c98b6ba0b"

[[projects]]
  branch = "master"
  name = "github.com/go-audio/transforms"
  packages = ["."]
  revision = "51830ccc35a5ce4be9d09b1d1f3f82dad376c240"

[[projects]]
  branch = "master"
  name = "github.com/gordonklaus/portaudio"
  packages = ["."]
  revision = "e66c30a9c4ca11f93538cf8c004831bfb76f3838"

[[projects]]
  branch = "master"
  name = "golang.org/x/crypto"
  packages = ["ssh/terminal"]
  revision = "1875d0a70c90e57f11972aefd42276df65e895b9"

[[projects]]
  branch = "master"
  name = "golang.org/x/sys"
  packages = [
    "unix",
    "windows"
  ]
  revision = "3dbebcf8efb6a5011a60c2b4591c1022a759af8a"

[solve-meta]
  analyzer-name = "dep"
  analyzer-version = 1
  inputs-digest = "a57ef6f763233a27f540d3c2f7b12c3902dee881cc1e3e6357d1ae90a2245d71"
  solver-name = "gps-cdcl"
  solver-version = 1
